// !$*UTF8*$!
{
	archiveVersion = 1;
	classes = {
	};
	objectVersion = 77;
	objects = {

/* Begin PBXBuildFile section */
		11364DFC2EB79FAA00E7FAFE /* Anchorage in Frameworks */ = {isa = PBXBuildFile; productRef = 11364DFB2EB79FAA00E7FAFE /* Anchorage */; };
		11364DFF2EB7A78B00E7FAFE /* CombineCocoa in Frameworks */ = {isa = PBXBuildFile; productRef = 11364DFE2EB7A78B00E7FAFE /* CombineCocoa */; };
		11364E012EB7AA1000E7FAFE /* UIColor+Extension.swift in Sources */ = {isa = PBXBuildFile; fileRef = 11364E002EB7AA0400E7FAFE /* UIColor+Extension.swift */; };
		1192FA792EB749EB0046E5AD /* AppDelegate.swift in Sources */ = {isa = PBXBuildFile; fileRef = 1192FA6F2EB749EB0046E5AD /* AppDelegate.swift */; };
		1192FA7A2EB749EB0046E5AD /* SceneDelegate.swift in Sources */ = {isa = PBXBuildFile; fileRef = 1192FA762EB749EB0046E5AD /* SceneDelegate.swift */; };
		1192FA7C2EB749EB0046E5AD /* Assets.xcassets in Resources */ = {isa = PBXBuildFile; fileRef = 1192FA702EB749EB0046E5AD /* Assets.xcassets */; };
		1192FA842EB74AB00046E5AD /* MainViewController.swift in Sources */ = {isa = PBXBuildFile; fileRef = 1192FA832EB74AA90046E5AD /* MainViewController.swift */; };
		1192FA872EB74B780046E5AD /* FilledButton.swift in Sources */ = {isa = PBXBuildFile; fileRef = 1192FA862EB74B720046E5AD /* FilledButton.swift */; };
		1192FA892EB74D6F0046E5AD /* SplashStore.swift in Sources */ = {isa = PBXBuildFile; fileRef = 1192FA882EB74D690046E5AD /* SplashStore.swift */; };
		1192FA8B2EB74D770046E5AD /* MainStore.swift in Sources */ = {isa = PBXBuildFile; fileRef = 1192FA8A2EB74D750046E5AD /* MainStore.swift */; };
		1192FA8E2EB77B350046E5AD /* ComposableArchitecture in Frameworks */ = {isa = PBXBuildFile; productRef = 1192FA8D2EB77B350046E5AD /* ComposableArchitecture */; };
		1192FA902EB7829F0046E5AD /* SplashViewController.swift in Sources */ = {isa = PBXBuildFile; fileRef = 1192FA8F2EB7829F0046E5AD /* SplashViewController.swift */; };
/* End PBXBuildFile section */

/* Begin PBXContainerItemProxy section */
		11B63E9D2EB743A500B94E41 /* PBXContainerItemProxy */ = {
			isa = PBXContainerItemProxy;
			containerPortal = 11B63E7E2EB743A400B94E41 /* Project object */;
			proxyType = 1;
			remoteGlobalIDString = 11B63E852EB743A400B94E41;
			remoteInfo = NFCReader;
		};
		11B63EA72EB743A500B94E41 /* PBXContainerItemProxy */ = {
			isa = PBXContainerItemProxy;
			containerPortal = 11B63E7E2EB743A400B94E41 /* Project object */;
			proxyType = 1;
			remoteGlobalIDString = 11B63E852EB743A400B94E41;
			remoteInfo = NFCReader;
		};
/* End PBXContainerItemProxy section */

/* Begin PBXFileReference section */
		11364E002EB7AA0400E7FAFE /* UIColor+Extension.swift */ = {isa = PBXFileReference; lastKnownFileType = sourcecode.swift; path = "UIColor+Extension.swift"; sourceTree = "<group>"; };
		1192FA6F2EB749EB0046E5AD /* AppDelegate.swift */ = {isa = PBXFileReference; lastKnownFileType = sourcecode.swift; path = AppDelegate.swift; sourceTree = "<group>"; };
		1192FA702EB749EB0046E5AD /* Assets.xcassets */ = {isa = PBXFileReference; lastKnownFileType = folder.assetcatalog; path = Assets.xcassets; sourceTree = "<group>"; };
		1192FA712EB749EB0046E5AD /* Info.plist */ = {isa = PBXFileReference; lastKnownFileType = text.plist.xml; path = Info.plist; sourceTree = "<group>"; };
		1192FA762EB749EB0046E5AD /* SceneDelegate.swift */ = {isa = PBXFileReference; lastKnownFileType = sourcecode.swift; path = SceneDelegate.swift; sourceTree = "<group>"; };
		1192FA832EB74AA90046E5AD /* MainViewController.swift */ = {isa = PBXFileReference; lastKnownFileType = sourcecode.swift; path = MainViewController.swift; sourceTree = "<group>"; };
		1192FA862EB74B720046E5AD /* FilledButton.swift */ = {isa = PBXFileReference; lastKnownFileType = sourcecode.swift; path = FilledButton.swift; sourceTree = "<group>"; };
		1192FA882EB74D690046E5AD /* SplashStore.swift */ = {isa = PBXFileReference; lastKnownFileType = sourcecode.swift; path = SplashStore.swift; sourceTree = "<group>"; };
		1192FA8A2EB74D750046E5AD /* MainStore.swift */ = {isa = PBXFileReference; lastKnownFileType = sourcecode.swift; path = MainStore.swift; sourceTree = "<group>"; };
		1192FA8F2EB7829F0046E5AD /* SplashViewController.swift */ = {isa = PBXFileReference; lastKnownFileType = sourcecode.swift; path = SplashViewController.swift; sourceTree = "<group>"; };
		11B63E862EB743A400B94E41 /* NFCReader.app */ = {isa = PBXFileReference; explicitFileType = wrapper.application; includeInIndex = 0; path = NFCReader.app; sourceTree = BUILT_PRODUCTS_DIR; };
		11B63E9C2EB743A500B94E41 /* NFCReaderTests.xctest */ = {isa = PBXFileReference; explicitFileType = wrapper.cfbundle; includeInIndex = 0; path = NFCReaderTests.xctest; sourceTree = BUILT_PRODUCTS_DIR; };
		11B63EA62EB743A500B94E41 /* NFCReaderUITests.xctest */ = {isa = PBXFileReference; explicitFileType = wrapper.cfbundle; includeInIndex = 0; path = NFCReaderUITests.xctest; sourceTree = BUILT_PRODUCTS_DIR; };
/* End PBXFileReference section */

/* Begin PBXFileSystemSynchronizedRootGroup section */
		11B63E9F2EB743A500B94E41 /* NFCReaderTests */ = {
			isa = PBXFileSystemSynchronizedRootGroup;
			path = NFCReaderTests;
			sourceTree = "<group>";
		};
		11B63EA92EB743A500B94E41 /* NFCReaderUITests */ = {
			isa = PBXFileSystemSynchronizedRootGroup;
			path = NFCReaderUITests;
			sourceTree = "<group>";
		};
/* End PBXFileSystemSynchronizedRootGroup section */

/* Begin PBXFrameworksBuildPhase section */
		11B63E832EB743A400B94E41 /* Frameworks */ = {
			isa = PBXFrameworksBuildPhase;
			buildActionMask = 2147483647;
			files = (
				1192FA8E2EB77B350046E5AD /* ComposableArchitecture in Frameworks */,
				11364DFF2EB7A78B00E7FAFE /* CombineCocoa in Frameworks */,
				11364DFC2EB79FAA00E7FAFE /* Anchorage in Frameworks */,
			);
			runOnlyForDeploymentPostprocessing = 0;
		};
		11B63E992EB743A500B94E41 /* Frameworks */ = {
			isa = PBXFrameworksBuildPhase;
			buildActionMask = 2147483647;
			files = (
			);
			runOnlyForDeploymentPostprocessing = 0;
		};
		11B63EA32EB743A500B94E41 /* Frameworks */ = {
			isa = PBXFrameworksBuildPhase;
			buildActionMask = 2147483647;
			files = (
			);
			runOnlyForDeploymentPostprocessing = 0;
		};
/* End PBXFrameworksBuildPhase section */

/* Begin PBXGroup section */
		1192FA782EB749EB0046E5AD /* NFCReader */ = {
			isa = PBXGroup;
			children = (
				1192FA802EB749EE0046E5AD /* Component */,
				1192FA852EB74B550046E5AD /* UIParts */,
				1192FA6F2EB749EB0046E5AD /* AppDelegate.swift */,
				1192FA702EB749EB0046E5AD /* Assets.xcassets */,
				1192FA712EB749EB0046E5AD /* Info.plist */,
				1192FA762EB749EB0046E5AD /* SceneDelegate.swift */,
			);
			path = NFCReader;
			sourceTree = "<group>";
		};
		1192FA802EB749EE0046E5AD /* Component */ = {
			isa = PBXGroup;
			children = (
				1192FA812EB74A000046E5AD /* Splash */,
				1192FA822EB74A970046E5AD /* Main */,
			);
			path = Component;
			sourceTree = "<group>";
		};
		1192FA812EB74A000046E5AD /* Splash */ = {
			isa = PBXGroup;
			children = (
				1192FA882EB74D690046E5AD /* SplashStore.swift */,
				1192FA8F2EB7829F0046E5AD /* SplashViewController.swift */,
			);
			path = Splash;
			sourceTree = "<group>";
		};
		1192FA822EB74A970046E5AD /* Main */ = {
			isa = PBXGroup;
			children = (
				1192FA8A2EB74D750046E5AD /* MainStore.swift */,
				1192FA832EB74AA90046E5AD /* MainViewController.swift */,
			);
			path = Main;
			sourceTree = "<group>";
		};
		1192FA852EB74B550046E5AD /* UIParts */ = {
			isa = PBXGroup;
			children = (
				11364E002EB7AA0400E7FAFE /* UIColor+Extension.swift */,
				1192FA862EB74B720046E5AD /* FilledButton.swift */,
			);
			path = UIParts;
			sourceTree = "<group>";
		};
		11B63E7D2EB743A400B94E41 = {
			isa = PBXGroup;
			children = (
				1192FA782EB749EB0046E5AD /* NFCReader */,
				11B63E9F2EB743A500B94E41 /* NFCReaderTests */,
				11B63EA92EB743A500B94E41 /* NFCReaderUITests */,
				11B63E872EB743A400B94E41 /* Products */,
			);
			sourceTree = "<group>";
		};
		11B63E872EB743A400B94E41 /* Products */ = {
			isa = PBXGroup;
			children = (
				11B63E862EB743A400B94E41 /* NFCReader.app */,
				11B63E9C2EB743A500B94E41 /* NFCReaderTests.xctest */,
				11B63EA62EB743A500B94E41 /* NFCReaderUITests.xctest */,
			);
			name = Products;
			sourceTree = "<group>";
		};
/* End PBXGroup section */

/* Begin PBXNativeTarget section */
		11B63E852EB743A400B94E41 /* NFCReader */ = {
			isa = PBXNativeTarget;
			buildConfigurationList = 11B63EAF2EB743A500B94E41 /* Build configuration list for PBXNativeTarget "NFCReader" */;
			buildPhases = (
				11B63E822EB743A400B94E41 /* Sources */,
				11B63E832EB743A400B94E41 /* Frameworks */,
				11B63E842EB743A400B94E41 /* Resources */,
			);
			buildRules = (
			);
			dependencies = (
			);
			name = NFCReader;
			packageProductDependencies = (
				1192FA8D2EB77B350046E5AD /* ComposableArchitecture */,
				11364DFB2EB79FAA00E7FAFE /* Anchorage */,
				11364DFE2EB7A78B00E7FAFE /* CombineCocoa */,
			);
			productName = NFCReader;
			productReference = 11B63E862EB743A400B94E41 /* NFCReader.app */;
			productType = "com.apple.product-type.application";
		};
		11B63E9B2EB743A500B94E41 /* NFCReaderTests */ = {
			isa = PBXNativeTarget;
			buildConfigurationList = 11B63EB42EB743A500B94E41 /* Build configuration list for PBXNativeTarget "NFCReaderTests" */;
			buildPhases = (
				11B63E982EB743A500B94E41 /* Sources */,
				11B63E992EB743A500B94E41 /* Frameworks */,
				11B63E9A2EB743A500B94E41 /* Resources */,
			);
			buildRules = (
			);
			dependencies = (
				11B63E9E2EB743A500B94E41 /* PBXTargetDependency */,
			);
			fileSystemSynchronizedGroups = (
				11B63E9F2EB743A500B94E41 /* NFCReaderTests */,
			);
			name = NFCReaderTests;
			packageProductDependencies = (
			);
			productName = NFCReaderTests;
			productReference = 11B63E9C2EB743A500B94E41 /* NFCReaderTests.xctest */;
			productType = "com.apple.product-type.bundle.unit-test";
		};
		11B63EA52EB743A500B94E41 /* NFCReaderUITests */ = {
			isa = PBXNativeTarget;
			buildConfigurationList = 11B63EB72EB743A500B94E41 /* Build configuration list for PBXNativeTarget "NFCReaderUITests" */;
			buildPhases = (
				11B63EA22EB743A500B94E41 /* Sources */,
				11B63EA32EB743A500B94E41 /* Frameworks */,
				11B63EA42EB743A500B94E41 /* Resources */,
			);
			buildRules = (
			);
			dependencies = (
				11B63EA82EB743A500B94E41 /* PBXTargetDependency */,
			);
			fileSystemSynchronizedGroups = (
				11B63EA92EB743A500B94E41 /* NFCReaderUITests */,
			);
			name = NFCReaderUITests;
			packageProductDependencies = (
			);
			productName = NFCReaderUITests;
			productReference = 11B63EA62EB743A500B94E41 /* NFCReaderUITests.xctest */;
			productType = "com.apple.product-type.bundle.ui-testing";
		};
/* End PBXNativeTarget section */

/* Begin PBXProject section */
		11B63E7E2EB743A400B94E41 /* Project object */ = {
			isa = PBXProject;
			attributes = {
				BuildIndependentTargetsInParallel = 1;
				LastSwiftUpdateCheck = 2600;
				LastUpgradeCheck = 2600;
				TargetAttributes = {
					11B63E852EB743A400B94E41 = {
						CreatedOnToolsVersion = 26.0.1;
					};
					11B63E9B2EB743A500B94E41 = {
						CreatedOnToolsVersion = 26.0.1;
						TestTargetID = 11B63E852EB743A400B94E41;
					};
					11B63EA52EB743A500B94E41 = {
						CreatedOnToolsVersion = 26.0.1;
						TestTargetID = 11B63E852EB743A400B94E41;
					};
				};
			};
			buildConfigurationList = 11B63E812EB743A400B94E41 /* Build configuration list for PBXProject "NFCReader" */;
			developmentRegion = en;
			hasScannedForEncodings = 0;
			knownRegions = (
				en,
				Base,
			);
			mainGroup = 11B63E7D2EB743A400B94E41;
			minimizedProjectReferenceProxies = 1;
			packageReferences = (
				1192FA8C2EB77B350046E5AD /* XCRemoteSwiftPackageReference "swift-composable-architecture" */,
				11364DFA2EB79FAA00E7FAFE /* XCRemoteSwiftPackageReference "Anchorage" */,
				11364DFD2EB7A78B00E7FAFE /* XCRemoteSwiftPackageReference "CombineCocoa" */,
			);
			preferredProjectObjectVersion = 77;
			productRefGroup = 11B63E872EB743A400B94E41 /* Products */;
			projectDirPath = "";
			projectRoot = "";
			targets = (
				11B63E852EB743A400B94E41 /* NFCReader */,
				11B63E9B2EB743A500B94E41 /* NFCReaderTests */,
				11B63EA52EB743A500B94E41 /* NFCReaderUITests */,
			);
		};
/* End PBXProject section */

/* Begin PBXResourcesBuildPhase section */
		11B63E842EB743A400B94E41 /* Resources */ = {
			isa = PBXResourcesBuildPhase;
			buildActionMask = 2147483647;
			files = (
				1192FA7C2EB749EB0046E5AD /* Assets.xcassets in Resources */,
			);
			runOnlyForDeploymentPostprocessing = 0;
		};
		11B63E9A2EB743A500B94E41 /* Resources */ = {
			isa = PBXResourcesBuildPhase;
			buildActionMask = 2147483647;
			files = (
			);
			runOnlyForDeploymentPostprocessing = 0;
		};
		11B63EA42EB743A500B94E41 /* Resources */ = {
			isa = PBXResourcesBuildPhase;
			buildActionMask = 2147483647;
			files = (
			);
			runOnlyForDeploymentPostprocessing = 0;
		};
/* End PBXResourcesBuildPhase section */

/* Begin PBXSourcesBuildPhase section */
		11B63E822EB743A400B94E41 /* Sources */ = {
			isa = PBXSourcesBuildPhase;
			buildActionMask = 2147483647;
			files = (
				1192FA892EB74D6F0046E5AD /* SplashStore.swift in Sources */,
				1192FA792EB749EB0046E5AD /* AppDelegate.swift in Sources */,
				1192FA872EB74B780046E5AD /* FilledButton.swift in Sources */,
				1192FA8B2EB74D770046E5AD /* MainStore.swift in Sources */,
				1192FA7A2EB749EB0046E5AD /* SceneDelegate.swift in Sources */,
				1192FA842EB74AB00046E5AD /* MainViewController.swift in Sources */,
				1192FA902EB7829F0046E5AD /* SplashViewController.swift in Sources */,
				11364E012EB7AA1000E7FAFE /* UIColor+Extension.swift in Sources */,
			);
			runOnlyForDeploymentPostprocessing = 0;
		};
		11B63E982EB743A500B94E41 /* Sources */ = {
			isa = PBXSourcesBuildPhase;
			buildActionMask = 2147483647;
			files = (
			);
			runOnlyForDeploymentPostprocessing = 0;
		};
		11B63EA22EB743A500B94E41 /* Sources */ = {
			isa = PBXSourcesBuildPhase;
			buildActionMask = 2147483647;
			files = (
			);
			runOnlyForDeploymentPostprocessing = 0;
		};
/* End PBXSourcesBuildPhase section */

/* Begin PBXTargetDependency section */
		11B63E9E2EB743A500B94E41 /* PBXTargetDependency */ = {
			isa = PBXTargetDependency;
			target = 11B63E852EB743A400B94E41 /* NFCReader */;
			targetProxy = 11B63E9D2EB743A500B94E41 /* PBXContainerItemProxy */;
		};
		11B63EA82EB743A500B94E41 /* PBXTargetDependency */ = {
			isa = PBXTargetDependency;
			target = 11B63E852EB743A400B94E41 /* NFCReader */;
			targetProxy = 11B63EA72EB743A500B94E41 /* PBXContainerItemProxy */;
		};
/* End PBXTargetDependency section */

/* Begin XCBuildConfiguration section */
		11B63EB02EB743A500B94E41 /* Debug */ = {
			isa = XCBuildConfiguration;
			buildSettings = {
				ASSETCATALOG_COMPILER_APPICON_NAME = AppIcon;
				ASSETCATALOG_COMPILER_GLOBAL_ACCENT_COLOR_NAME = AccentColor;
				CODE_SIGN_STYLE = Automatic;
				CURRENT_PROJECT_VERSION = 1;
				DEVELOPMENT_TEAM = VW645G4T43;
				GENERATE_INFOPLIST_FILE = YES;
				INFOPLIST_FILE = NFCReader/Info.plist;
				INFOPLIST_KEY_UIApplicationSupportsIndirectInputEvents = YES;
				INFOPLIST_KEY_UILaunchStoryboardName = LaunchScreen;
				INFOPLIST_KEY_UIMainStoryboardFile = "";
				INFOPLIST_KEY_UISupportedInterfaceOrientations_iPad = "UIInterfaceOrientationPortrait UIInterfaceOrientationPortraitUpsideDown UIInterfaceOrientationLandscapeLeft UIInterfaceOrientationLandscapeRight";
				INFOPLIST_KEY_UISupportedInterfaceOrientations_iPhone = "UIInterfaceOrientationPortrait UIInterfaceOrientationLandscapeLeft UIInterfaceOrientationLandscapeRight";
				IPHONEOS_DEPLOYMENT_TARGET = 18.6;
				LD_RUNPATH_SEARCH_PATHS = (
					"$(inherited)",
					"@executable_path/Frameworks",
				);
				MARKETING_VERSION = 1.0;
				PRODUCT_BUNDLE_IDENTIFIER = "com.Takuto-Nagaoka.NFCReader";
				PRODUCT_NAME = "$(TARGET_NAME)";
				STRING_CATALOG_GENERATE_SYMBOLS = YES;
				SWIFT_APPROACHABLE_CONCURRENCY = YES;
				SWIFT_DEFAULT_ACTOR_ISOLATION = MainActor;
				SWIFT_EMIT_LOC_STRINGS = YES;
				SWIFT_UPCOMING_FEATURE_MEMBER_IMPORT_VISIBILITY = YES;
				SWIFT_VERSION = 5.0;
				TARGETED_DEVICE_FAMILY = "1,2";
			};
			name = Debug;
		};
		11B63EB12EB743A500B94E41 /* Release */ = {
			isa = XCBuildConfiguration;
			buildSettings = {
				ASSETCATALOG_COMPILER_APPICON_NAME = AppIcon;
				ASSETCATALOG_COMPILER_GLOBAL_ACCENT_COLOR_NAME = AccentColor;
				CODE_SIGN_STYLE = Automatic;
				CURRENT_PROJECT_VERSION = 1;
				DEVELOPMENT_TEAM = VW645G4T43;
				GENERATE_INFOPLIST_FILE = YES;
				INFOPLIST_FILE = NFCReader/Info.plist;
				INFOPLIST_KEY_UIApplicationSupportsIndirectInputEvents = YES;
				INFOPLIST_KEY_UILaunchStoryboardName = LaunchScreen;
				INFOPLIST_KEY_UIMainStoryboardFile = "";
				INFOPLIST_KEY_UISupportedInterfaceOrientations_iPad = "UIInterfaceOrientationPortrait UIInterfaceOrientationPortraitUpsideDown UIInterfaceOrientationLandscapeLeft UIInterfaceOrientationLandscapeRight";
				INFOPLIST_KEY_UISupportedInterfaceOrientations_iPhone = "UIInterfaceOrientationPortrait UIInterfaceOrientationLandscapeLeft UIInterfaceOrientationLandscapeRight";
				IPHONEOS_DEPLOYMENT_TARGET = 18.6;
				LD_RUNPATH_SEARCH_PATHS = (
					"$(inherited)",
					"@executable_path/Frameworks",
				);
				MARKETING_VERSION = 1.0;
				PRODUCT_BUNDLE_IDENTIFIER = "com.Takuto-Nagaoka.NFCReader";
				PRODUCT_NAME = "$(TARGET_NAME)";
				STRING_CATALOG_GENERATE_SYMBOLS = YES;
				SWIFT_APPROACHABLE_CONCURRENCY = YES;
				SWIFT_DEFAULT_ACTOR_ISOLATION = MainActor;
				SWIFT_EMIT_LOC_STRINGS = YES;
				SWIFT_UPCOMING_FEATURE_MEMBER_IMPORT_VISIBILITY = YES;
				SWIFT_VERSION = 5.0;
				TARGETED_DEVICE_FAMILY = "1,2";
			};
			name = Release;
		};
		11B63EB22EB743A500B94E41 /* Debug */ = {
			isa = XCBuildConfiguration;
			buildSettings = {
				ALWAYS_SEARCH_USER_PATHS = NO;
				ASSETCATALOG_COMPILER_GENERATE_SWIFT_ASSET_SYMBOL_EXTENSIONS = YES;
				CLANG_ANALYZER_NONNULL = YES;
				CLANG_ANALYZER_NUMBER_OBJECT_CONVERSION = YES_AGGRESSIVE;
				CLANG_CXX_LANGUAGE_STANDARD = "gnu++20";
				CLANG_ENABLE_MODULES = YES;
				CLANG_ENABLE_OBJC_ARC = YES;
				CLANG_ENABLE_OBJC_WEAK = YES;
				CLANG_WARN_BLOCK_CAPTURE_AUTORELEASING = YES;
				CLANG_WARN_BOOL_CONVERSION = YES;
				CLANG_WARN_COMMA = YES;
				CLANG_WARN_CONSTANT_CONVERSION = YES;
				CLANG_WARN_DEPRECATED_OBJC_IMPLEMENTATIONS = YES;
				CLANG_WARN_DIRECT_OBJC_ISA_USAGE = YES_ERROR;
				CLANG_WARN_DOCUMENTATION_COMMENTS = YES;
				CLANG_WARN_EMPTY_BODY = YES;
				CLANG_WARN_ENUM_CONVERSION = YES;
				CLANG_WARN_INFINITE_RECURSION = YES;
				CLANG_WARN_INT_CONVERSION = YES;
				CLANG_WARN_NON_LITERAL_NULL_CONVERSION = YES;
				CLANG_WARN_OBJC_IMPLICIT_RETAIN_SELF = YES;
				CLANG_WARN_OBJC_LITERAL_CONVERSION = YES;
				CLANG_WARN_OBJC_ROOT_CLASS = YES_ERROR;
				CLANG_WARN_QUOTED_INCLUDE_IN_FRAMEWORK_HEADER = YES;
				CLANG_WARN_RANGE_LOOP_ANALYSIS = YES;
				CLANG_WARN_STRICT_PROTOTYPES = YES;
				CLANG_WARN_SUSPICIOUS_MOVE = YES;
				CLANG_WARN_UNGUARDED_AVAILABILITY = YES_AGGRESSIVE;
				CLANG_WARN_UNREACHABLE_CODE = YES;
				CLANG_WARN__DUPLICATE_METHOD_MATCH = YES;
				COPY_PHASE_STRIP = NO;
				DEBUG_INFORMATION_FORMAT = dwarf;
				DEVELOPMENT_TEAM = VW645G4T43;
				ENABLE_STRICT_OBJC_MSGSEND = YES;
				ENABLE_TESTABILITY = YES;
				ENABLE_USER_SCRIPT_SANDBOXING = YES;
				GCC_C_LANGUAGE_STANDARD = gnu17;
				GCC_DYNAMIC_NO_PIC = NO;
				GCC_NO_COMMON_BLOCKS = YES;
				GCC_OPTIMIZATION_LEVEL = 0;
				GCC_PREPROCESSOR_DEFINITIONS = (
					"DEBUG=1",
					"$(inherited)",
				);
				GCC_WARN_64_TO_32_BIT_CONVERSION = YES;
				GCC_WARN_ABOUT_RETURN_TYPE = YES_ERROR;
				GCC_WARN_UNDECLARED_SELECTOR = YES;
				GCC_WARN_UNINITIALIZED_AUTOS = YES_AGGRESSIVE;
				GCC_WARN_UNUSED_FUNCTION = YES;
				GCC_WARN_UNUSED_VARIABLE = YES;
				IPHONEOS_DEPLOYMENT_TARGET = 26.0;
				LOCALIZATION_PREFERS_STRING_CATALOGS = YES;
				MTL_ENABLE_DEBUG_INFO = INCLUDE_SOURCE;
				MTL_FAST_MATH = YES;
				ONLY_ACTIVE_ARCH = YES;
				SDKROOT = iphoneos;
				SWIFT_ACTIVE_COMPILATION_CONDITIONS = "DEBUG $(inherited)";
				SWIFT_OPTIMIZATION_LEVEL = "-Onone";
			};
			name = Debug;
		};
		11B63EB32EB743A500B94E41 /* Release */ = {
			isa = XCBuildConfiguration;
			buildSettings = {
				ALWAYS_SEARCH_USER_PATHS = NO;
				ASSETCATALOG_COMPILER_GENERATE_SWIFT_ASSET_SYMBOL_EXTENSIONS = YES;
				CLANG_ANALYZER_NONNULL = YES;
				CLANG_ANALYZER_NUMBER_OBJECT_CONVERSION = YES_AGGRESSIVE;
				CLANG_CXX_LANGUAGE_STANDARD = "gnu++20";
				CLANG_ENABLE_MODULES = YES;
				CLANG_ENABLE_OBJC_ARC = YES;
				CLANG_ENABLE_OBJC_WEAK = YES;
				CLANG_WARN_BLOCK_CAPTURE_AUTORELEASING = YES;
				CLANG_WARN_BOOL_CONVERSION = YES;
				CLANG_WARN_COMMA = YES;
				CLANG_WARN_CONSTANT_CONVERSION = YES;
				CLANG_WARN_DEPRECATED_OBJC_IMPLEMENTATIONS = YES;
				CLANG_WARN_DIRECT_OBJC_ISA_USAGE = YES_ERROR;
				CLANG_WARN_DOCUMENTATION_COMMENTS = YES;
				CLANG_WARN_EMPTY_BODY = YES;
				CLANG_WARN_ENUM_CONVERSION = YES;
				CLANG_WARN_INFINITE_RECURSION = YES;
				CLANG_WARN_INT_CONVERSION = YES;
				CLANG_WARN_NON_LITERAL_NULL_CONVERSION = YES;
				CLANG_WARN_OBJC_IMPLICIT_RETAIN_SELF = YES;
				CLANG_WARN_OBJC_LITERAL_CONVERSION = YES;
				CLANG_WARN_OBJC_ROOT_CLASS = YES_ERROR;
				CLANG_WARN_QUOTED_INCLUDE_IN_FRAMEWORK_HEADER = YES;
				CLANG_WARN_RANGE_LOOP_ANALYSIS = YES;
				CLANG_WARN_STRICT_PROTOTYPES = YES;
				CLANG_WARN_SUSPICIOUS_MOVE = YES;
				CLANG_WARN_UNGUARDED_AVAILABILITY = YES_AGGRESSIVE;
				CLANG_WARN_UNREACHABLE_CODE = YES;
				CLANG_WARN__DUPLICATE_METHOD_MATCH = YES;
				COPY_PHASE_STRIP = NO;
				DEBUG_INFORMATION_FORMAT = "dwarf-with-dsym";
				DEVELOPMENT_TEAM = VW645G4T43;
				ENABLE_NS_ASSERTIONS = NO;
				ENABLE_STRICT_OBJC_MSGSEND = YES;
				ENABLE_USER_SCRIPT_SANDBOXING = YES;
				GCC_C_LANGUAGE_STANDARD = gnu17;
				GCC_NO_COMMON_BLOCKS = YES;
				GCC_WARN_64_TO_32_BIT_CONVERSION = YES;
				GCC_WARN_ABOUT_RETURN_TYPE = YES_ERROR;
				GCC_WARN_UNDECLARED_SELECTOR = YES;
				GCC_WARN_UNINITIALIZED_AUTOS = YES_AGGRESSIVE;
				GCC_WARN_UNUSED_FUNCTION = YES;
				GCC_WARN_UNUSED_VARIABLE = YES;
				IPHONEOS_DEPLOYMENT_TARGET = 26.0;
				LOCALIZATION_PREFERS_STRING_CATALOGS = YES;
				MTL_ENABLE_DEBUG_INFO = NO;
				MTL_FAST_MATH = YES;
				SDKROOT = iphoneos;
				SWIFT_COMPILATION_MODE = wholemodule;
				VALIDATE_PRODUCT = YES;
			};
			name = Release;
		};
		11B63EB52EB743A500B94E41 /* Debug */ = {
			isa = XCBuildConfiguration;
			buildSettings = {
				BUNDLE_LOADER = "$(TEST_HOST)";
				CODE_SIGN_STYLE = Automatic;
				CURRENT_PROJECT_VERSION = 1;
				DEVELOPMENT_TEAM = VW645G4T43;
				GENERATE_INFOPLIST_FILE = YES;
				IPHONEOS_DEPLOYMENT_TARGET = 18.6;
				MARKETING_VERSION = 1.0;
				PRODUCT_BUNDLE_IDENTIFIER = "com.Takuto-Nagaoka.NFCReaderTests";
				PRODUCT_NAME = "$(TARGET_NAME)";
				STRING_CATALOG_GENERATE_SYMBOLS = NO;
				SWIFT_APPROACHABLE_CONCURRENCY = YES;
				SWIFT_EMIT_LOC_STRINGS = NO;
				SWIFT_UPCOMING_FEATURE_MEMBER_IMPORT_VISIBILITY = YES;
				SWIFT_VERSION = 5.0;
				TARGETED_DEVICE_FAMILY = "1,2";
				TEST_HOST = "$(BUILT_PRODUCTS_DIR)/NFCReader.app/$(BUNDLE_EXECUTABLE_FOLDER_PATH)/NFCReader";
			};
			name = Debug;
		};
		11B63EB62EB743A500B94E41 /* Release */ = {
			isa = XCBuildConfiguration;
			buildSettings = {
				BUNDLE_LOADER = "$(TEST_HOST)";
				CODE_SIGN_STYLE = Automatic;
				CURRENT_PROJECT_VERSION = 1;
				DEVELOPMENT_TEAM = VW645G4T43;
				GENERATE_INFOPLIST_FILE = YES;
				IPHONEOS_DEPLOYMENT_TARGET = 18.6;
				MARKETING_VERSION = 1.0;
				PRODUCT_BUNDLE_IDENTIFIER = "com.Takuto-Nagaoka.NFCReaderTests";
				PRODUCT_NAME = "$(TARGET_NAME)";
				STRING_CATALOG_GENERATE_SYMBOLS = NO;
				SWIFT_APPROACHABLE_CONCURRENCY = YES;
				SWIFT_EMIT_LOC_STRINGS = NO;
				SWIFT_UPCOMING_FEATURE_MEMBER_IMPORT_VISIBILITY = YES;
				SWIFT_VERSION = 5.0;
				TARGETED_DEVICE_FAMILY = "1,2";
				TEST_HOST = "$(BUILT_PRODUCTS_DIR)/NFCReader.app/$(BUNDLE_EXECUTABLE_FOLDER_PATH)/NFCReader";
			};
			name = Release;
		};
		11B63EB82EB743A500B94E41 /* Debug */ = {
			isa = XCBuildConfiguration;
			buildSettings = {
				CODE_SIGN_STYLE = Automatic;
				CURRENT_PROJECT_VERSION = 1;
				DEVELOPMENT_TEAM = VW645G4T43;
				GENERATE_INFOPLIST_FILE = YES;
				MARKETING_VERSION = 1.0;
				PRODUCT_BUNDLE_IDENTIFIER = "com.Takuto-Nagaoka.NFCReaderUITests";
				PRODUCT_NAME = "$(TARGET_NAME)";
				STRING_CATALOG_GENERATE_SYMBOLS = NO;
				SWIFT_APPROACHABLE_CONCURRENCY = YES;
				SWIFT_EMIT_LOC_STRINGS = NO;
				SWIFT_UPCOMING_FEATURE_MEMBER_IMPORT_VISIBILITY = YES;
				SWIFT_VERSION = 5.0;
				TARGETED_DEVICE_FAMILY = "1,2";
				TEST_TARGET_NAME = NFCReader;
			};
			name = Debug;
		};
		11B63EB92EB743A500B94E41 /* Release */ = {
			isa = XCBuildConfiguration;
			buildSettings = {
				CODE_SIGN_STYLE = Automatic;
				CURRENT_PROJECT_VERSION = 1;
				DEVELOPMENT_TEAM = VW645G4T43;
				GENERATE_INFOPLIST_FILE = YES;
				MARKETING_VERSION = 1.0;
				PRODUCT_BUNDLE_IDENTIFIER = "com.Takuto-Nagaoka.NFCReaderUITests";
				PRODUCT_NAME = "$(TARGET_NAME)";
				STRING_CATALOG_GENERATE_SYMBOLS = NO;
				SWIFT_APPROACHABLE_CONCURRENCY = YES;
				SWIFT_EMIT_LOC_STRINGS = NO;
				SWIFT_UPCOMING_FEATURE_MEMBER_IMPORT_VISIBILITY = YES;
				SWIFT_VERSION = 5.0;
				TARGETED_DEVICE_FAMILY = "1,2";
				TEST_TARGET_NAME = NFCReader;
			};
			name = Release;
		};
/* End XCBuildConfiguration section */

/* Begin XCConfigurationList section */
		11B63E812EB743A400B94E41 /* Build configuration list for PBXProject "NFCReader" */ = {
			isa = XCConfigurationList;
			buildConfigurations = (
				11B63EB22EB743A500B94E41 /* Debug */,
				11B63EB32EB743A500B94E41 /* Release */,
			);
			defaultConfigurationIsVisible = 0;
			defaultConfigurationName = Release;
		};
		11B63EAF2EB743A500B94E41 /* Build configuration list for PBXNativeTarget "NFCReader" */ = {
			isa = XCConfigurationList;
			buildConfigurations = (
				11B63EB02EB743A500B94E41 /* Debug */,
				11B63EB12EB743A500B94E41 /* Release */,
			);
			defaultConfigurationIsVisible = 0;
			defaultConfigurationName = Release;
		};
		11B63EB42EB743A500B94E41 /* Build configuration list for PBXNativeTarget "NFCReaderTests" */ = {
			isa = XCConfigurationList;
			buildConfigurations = (
				11B63EB52EB743A500B94E41 /* Debug */,
				11B63EB62EB743A500B94E41 /* Release */,
			);
			defaultConfigurationIsVisible = 0;
			defaultConfigurationName = Release;
		};
		11B63EB72EB743A500B94E41 /* Build configuration list for PBXNativeTarget "NFCReaderUITests" */ = {
			isa = XCConfigurationList;
			buildConfigurations = (
				11B63EB82EB743A500B94E41 /* Debug */,
				11B63EB92EB743A500B94E41 /* Release */,
			);
			defaultConfigurationIsVisible = 0;
			defaultConfigurationName = Release;
		};
/* End XCConfigurationList section */

/* Begin XCRemoteSwiftPackageReference section */
		11364DFA2EB79FAA00E7FAFE /* XCRemoteSwiftPackageReference "Anchorage" */ = {
			isa = XCRemoteSwiftPackageReference;
			repositoryURL = "https://github.com/Rightpoint/Anchorage.git";
			requirement = {
				kind = exactVersion;
				version = 4.5.0;
			};
		};
		11364DFD2EB7A78B00E7FAFE /* XCRemoteSwiftPackageReference "CombineCocoa" */ = {
			isa = XCRemoteSwiftPackageReference;
			repositoryURL = "https://github.com/CombineCommunity/CombineCocoa";
			requirement = {
				kind = upToNextMajorVersion;
				minimumVersion = 0.4.1;
			};
		};
		1192FA8C2EB77B350046E5AD /* XCRemoteSwiftPackageReference "swift-composable-architecture" */ = {
			isa = XCRemoteSwiftPackageReference;
			repositoryURL = "https://github.com/pointfreeco/swift-composable-architecture";
			requirement = {
				kind = exactVersion;
				version = 1.23.1;
			};
		};
/* End XCRemoteSwiftPackageReference section */

/* Begin XCSwiftPackageProductDependency section */
		11364DFB2EB79FAA00E7FAFE /* Anchorage */ = {
			isa = XCSwiftPackageProductDependency;
			package = 11364DFA2EB79FAA00E7FAFE /* XCRemoteSwiftPackageReference "Anchorage" */;
			productName = Anchorage;
		};
		11364DFE2EB7A78B00E7FAFE /* CombineCocoa */ = {
			isa = XCSwiftPackageProductDependency;
			package = 11364DFD2EB7A78B00E7FAFE /* XCRemoteSwiftPackageReference "CombineCocoa" */;
			productName = CombineCocoa;
		};
		1192FA8D2EB77B350046E5AD /* ComposableArchitecture */ = {
			isa = XCSwiftPackageProductDependency;
			package = 1192FA8C2EB77B350046E5AD /* XCRemoteSwiftPackageReference "swift-composable-architecture" */;
			productName = ComposableArchitecture;
		};
/* End XCSwiftPackageProductDependency section */
	};
	rootObject = 11B63E7E2EB743A400B94E41 /* Project object */;
}
